
Microsoft Visual Studio Solution File, Format Version 12.00
# Visual Studio Version 17
VisualStudioVersion = 17.7.34009.444
MinimumVisualStudioVersion = 10.0.40219.1
Project("{FAE04EC0-301F-11D3-BF4B-00C04F79EFBC}") = "Uygulama_15", "Uygulama_15\Uygulama_15.csproj", "{4E6D2A62-5B98-4756-BE77-E7A28AE9F1AF}"
EndProject
Global
	GlobalSection(SolutionConfigurationPlatforms) = preSolution
		Debug|Any CPU = Debug|Any CPU
		Release|Any CPU = Release|Any CPU
	EndGlobalSection
	GlobalSection(ProjectConfigurationPlatforms) = postSolution
		{4E6D2A62-5B98-4756-BE77-E7A28AE9F1AF}.Debug|Any CPU.ActiveCfg = Debug|Any CPU
		{4E6D2A62-5B98-4756-BE77-E7A28AE9F1AF}.Debug|Any CPU.Build.0 = Debug|Any CPU
		{4E6D2A62-5B98-4756-BE77-E7A28AE9F1AF}.Release|Any CPU.ActiveCfg = Release|Any CPU
		{4E6D2A62-5B98-4756-BE77-E7A28AE9F1AF}.Release|Any CPU.Build.0 = Release|Any CPU
	EndGlobalSection
	GlobalSection(SolutionProperties) = preSolution
		HideSolutionNode = FALSE
	EndGlobalSection
	GlobalSection(ExtensibilityGlobals) = postSolution
		SolutionGuid = {F78C0190-3D8A-4B68-A58F-F168809C5431}
	EndGlobalSection
EndGlobal
